
Microsoft Visual Studio Solution File, Format Version 11.00
# Visual Studio 2010
Project("{FAE04EC0-301F-11D3-BF4B-00C04F79EFBC}") = "Value.Math", "Value.Math\Value.Math.csproj", "{A460842D-F2C3-4FCE-BFB9-33BB6D9943FA}"
EndProject
Global
	GlobalSection(SolutionConfigurationPlatforms) = preSolution
		Debug|Any CPU = Debug|Any CPU
		Release|Any CPU = Release|Any CPU
	EndGlobalSection
	GlobalSection(ProjectConfigurationPlatforms) = postSolution
		{A460842D-F2C3-4FCE-BFB9-33BB6D9943FA}.Debug|Any CPU.ActiveCfg = Debug|Any CPU
		{A460842D-F2C3-4FCE-BFB9-33BB6D9943FA}.Debug|Any CPU.Build.0 = Debug|Any CPU
		{A460842D-F2C3-4FCE-BFB9-33BB6D9943FA}.Release|Any CPU.ActiveCfg = Release|Any CPU
		{A460842D-F2C3-4FCE-BFB9-33BB6D9943FA}.Release|Any CPU.Build.0 = Release|Any CPU
	EndGlobalSection
	GlobalSection(SolutionProperties) = preSolution
		HideSolutionNode = FALSE
	EndGlobalSection
EndGlobal
